// !$*UTF8*$!
{
	archiveVersion = 1;
	classes = {
	};
	objectVersion = 46;
	objects = {

/* Begin PBXBuildFile section */
		9FBB18A61BF8136A0010F0AE /* AppDelegate.swift in Sources */ = {isa = PBXBuildFile; fileRef = 9FBB18A51BF8136A0010F0AE /* AppDelegate.swift */; };
		9FBB18A81BF8136A0010F0AE /* HomeViewController.swift in Sources */ = {isa = PBXBuildFile; fileRef = 9FBB18A71BF8136A0010F0AE /* HomeViewController.swift */; };
		9FBB18AB1BF8136A0010F0AE /* Main.storyboard in Resources */ = {isa = PBXBuildFile; fileRef = 9FBB18A91BF8136A0010F0AE /* Main.storyboard */; };
		9FBB18AD1BF8136A0010F0AE /* Assets.xcassets in Resources */ = {isa = PBXBuildFile; fileRef = 9FBB18AC1BF8136A0010F0AE /* Assets.xcassets */; };
		9FBB18B01BF8136A0010F0AE /* LaunchScreen.storyboard in Resources */ = {isa = PBXBuildFile; fileRef = 9FBB18AE1BF8136A0010F0AE /* LaunchScreen.storyboard */; };
		9FBB18BB1BF8136B0010F0AE /* QuikBuxTests.swift in Sources */ = {isa = PBXBuildFile; fileRef = 9FBB18BA1BF8136B0010F0AE /* QuikBuxTests.swift */; };
		9FBB18C61BF8136B0010F0AE /* QuikBuxUITests.swift in Sources */ = {isa = PBXBuildFile; fileRef = 9FBB18C51BF8136B0010F0AE /* QuikBuxUITests.swift */; };
		9FBB18D41BF859AC0010F0AE /* SignupViewController.swift in Sources */ = {isa = PBXBuildFile; fileRef = 9FBB18D31BF859AC0010F0AE /* SignupViewController.swift */; };
/* End PBXBuildFile section */

/* Begin PBXContainerItemProxy section */
		9FBB18B71BF8136B0010F0AE /* PBXContainerItemProxy */ = {
			isa = PBXContainerItemProxy;
			containerPortal = 9FBB189A1BF8136A0010F0AE /* Project object */;
			proxyType = 1;
			remoteGlobalIDString = 9FBB18A11BF8136A0010F0AE;
			remoteInfo = QuikBux;
		};
		9FBB18C21BF8136B0010F0AE /* PBXContainerItemProxy */ = {
			isa = PBXContainerItemProxy;
			containerPortal = 9FBB189A1BF8136A0010F0AE /* Project object */;
			proxyType = 1;
			remoteGlobalIDString = 9FBB18A11BF8136A0010F0AE;
			remoteInfo = QuikBux;
		};
/* End PBXContainerItemProxy section */

/* Begin PBXFileReference section */
		9FBB18A21BF8136A0010F0AE /* QuikBux.app */ = {isa = PBXFileReference; explicitFileType = wrapper.application; includeInIndex = 0; path = QuikBux.app; sourceTree = BUILT_PRODUCTS_DIR; };
		9FBB18A51BF8136A0010F0AE /* AppDelegate.swift */ = {isa = PBXFileReference; lastKnownFileType = sourcecode.swift; path = AppDelegate.swift; sourceTree = "<group>"; };
		9FBB18A71BF8136A0010F0AE /* HomeViewController.swift */ = {isa = PBXFileReference; lastKnownFileType = sourcecode.swift; path = HomeViewController.swift; sourceTree = "<group>"; };
		9FBB18AA1BF8136A0010F0AE /* Base */ = {isa = PBXFileReference; lastKnownFileType = file.storyboard; name = Base; path = Base.lproj/Main.storyboard; sourceTree = "<group>"; };
		9FBB18AC1BF8136A0010F0AE /* Assets.xcassets */ = {isa = PBXFileReference; lastKnownFileType = folder.assetcatalog; path = Assets.xcassets; sourceTree = "<group>"; };
		9FBB18AF1BF8136A0010F0AE /* Base */ = {isa = PBXFileReference; lastKnownFileType = file.storyboard; name = Base; path = Base.lproj/LaunchScreen.storyboard; sourceTree = "<group>"; };
		9FBB18B11BF8136A0010F0AE /* Info.plist */ = {isa = PBXFileReference; lastKnownFileType = text.plist.xml; path = Info.plist; sourceTree = "<group>"; };
		9FBB18B61BF8136B0010F0AE /* QuikBuxTests.xctest */ = {isa = PBXFileReference; explicitFileType = wrapper.cfbundle; includeInIndex = 0; path = QuikBuxTests.xctest; sourceTree = BUILT_PRODUCTS_DIR; };
		9FBB18BA1BF8136B0010F0AE /* QuikBuxTests.swift */ = {isa = PBXFileReference; lastKnownFileType = sourcecode.swift; path = QuikBuxTests.swift; sourceTree = "<group>"; };
		9FBB18BC1BF8136B0010F0AE /* Info.plist */ = {isa = PBXFileReference; lastKnownFileType = text.plist.xml; path = Info.plist; sourceTree = "<group>"; };
		9FBB18C11BF8136B0010F0AE /* QuikBuxUITests.xctest */ = {isa = PBXFileReference; explicitFileType = wrapper.cfbundle; includeInIndex = 0; path = QuikBuxUITests.xctest; sourceTree = BUILT_PRODUCTS_DIR; };
		9FBB18C51BF8136B0010F0AE /* QuikBuxUITests.swift */ = {isa = PBXFileReference; lastKnownFileType = sourcecode.swift; path = QuikBuxUITests.swift; sourceTree = "<group>"; };
		9FBB18C71BF8136B0010F0AE /* Info.plist */ = {isa = PBXFileReference; lastKnownFileType = text.plist.xml; path = Info.plist; sourceTree = "<group>"; };
		9FBB18D31BF859AC0010F0AE /* SignupViewController.swift */ = {isa = PBXFileReference; fileEncoding = 4; lastKnownFileType = sourcecode.swift; path = SignupViewController.swift; sourceTree = "<group>"; };
/* End PBXFileReference section */

/* Begin PBXFrameworksBuildPhase section */
		9FBB189F1BF8136A0010F0AE /* Frameworks */ = {
			isa = PBXFrameworksBuildPhase;
			buildActionMask = 2147483647;
			files = (
			);
			runOnlyForDeploymentPostprocessing = 0;
		};
		9FBB18B31BF8136B0010F0AE /* Frameworks */ = {
			isa = PBXFrameworksBuildPhase;
			buildActionMask = 2147483647;
			files = (
			);
			runOnlyForDeploymentPostprocessing = 0;
		};
		9FBB18BE1BF8136B0010F0AE /* Frameworks */ = {
			isa = PBXFrameworksBuildPhase;
			buildActionMask = 2147483647;
			files = (
			);
			runOnlyForDeploymentPostprocessing = 0;
		};
/* End PBXFrameworksBuildPhase section */

/* Begin PBXGroup section */
		9FBB18991BF8136A0010F0AE = {
			isa = PBXGroup;
			children = (
				9FBB18A41BF8136A0010F0AE /* QuikBux */,
				9FBB18B91BF8136B0010F0AE /* QuikBuxTests */,
				9FBB18C41BF8136B0010F0AE /* QuikBuxUITests */,
				9FBB18A31BF8136A0010F0AE /* Products */,
			);
			sourceTree = "<group>";
		};
		9FBB18A31BF8136A0010F0AE /* Products */ = {
			isa = PBXGroup;
			children = (
				9FBB18A21BF8136A0010F0AE /* QuikBux.app */,
				9FBB18B61BF8136B0010F0AE /* QuikBuxTests.xctest */,
				9FBB18C11BF8136B0010F0AE /* QuikBuxUITests.xctest */,
			);
			name = Products;
			sourceTree = "<group>";
		};
		9FBB18A41BF8136A0010F0AE /* QuikBux */ = {
			isa = PBXGroup;
			children = (
				9FBB18A51BF8136A0010F0AE /* AppDelegate.swift */,
				9FBB18A71BF8136A0010F0AE /* HomeViewController.swift */,
				9FBB18D31BF859AC0010F0AE /* SignupViewController.swift */,
				9FBB18A91BF8136A0010F0AE /* Main.storyboard */,
				9FBB18AC1BF8136A0010F0AE /* Assets.xcassets */,
				9FBB18AE1BF8136A0010F0AE /* LaunchScreen.storyboard */,
				9FBB18B11BF8136A0010F0AE /* Info.plist */,
			);
			path = QuikBux;
			sourceTree = "<group>";
		};
		9FBB18B91BF8136B0010F0AE /* QuikBuxTests */ = {
			isa = PBXGroup;
			children = (
				9FBB18BA1BF8136B0010F0AE /* QuikBuxTests.swift */,
				9FBB18BC1BF8136B0010F0AE /* Info.plist */,
			);
			path = QuikBuxTests;
			sourceTree = "<group>";
		};
		9FBB18C41BF8136B0010F0AE /* QuikBuxUITests */ = {
			isa = PBXGroup;
			children = (
				9FBB18C51BF8136B0010F0AE /* QuikBuxUITests.swift */,
				9FBB18C71BF8136B0010F0AE /* Info.plist */,
			);
			path = QuikBuxUITests;
			sourceTree = "<group>";
		};
/* End PBXGroup section */

/* Begin PBXNativeTarget section */
		9FBB18A11BF8136A0010F0AE /* QuikBux */ = {
			isa = PBXNativeTarget;
			buildConfigurationList = 9FBB18CA1BF8136B0010F0AE /* Build configuration list for PBXNativeTarget "QuikBux" */;
			buildPhases = (
				9FBB189E1BF8136A0010F0AE /* Sources */,
				9FBB189F1BF8136A0010F0AE /* Frameworks */,
				9FBB18A01BF8136A0010F0AE /* Resources */,
			);
			buildRules = (
			);
			dependencies = (
			);
			name = QuikBux;
			productName = QuikBux;
			productReference = 9FBB18A21BF8136A0010F0AE /* QuikBux.app */;
			productType = "com.apple.product-type.application";
		};
		9FBB18B51BF8136B0010F0AE /* QuikBuxTests */ = {
			isa = PBXNativeTarget;
			buildConfigurationList = 9FBB18CD1BF8136B0010F0AE /* Build configuration list for PBXNativeTarget "QuikBuxTests" */;
			buildPhases = (
				9FBB18B21BF8136B0010F0AE /* Sources */,
				9FBB18B31BF8136B0010F0AE /* Frameworks */,
				9FBB18B41BF8136B0010F0AE /* Resources */,
			);
			buildRules = (
			);
			dependencies = (
				9FBB18B81BF8136B0010F0AE /* PBXTargetDependency */,
			);
			name = QuikBuxTests;
			productName = QuikBuxTests;
			productReference = 9FBB18B61BF8136B0010F0AE /* QuikBuxTests.xctest */;
			productType = "com.apple.product-type.bundle.unit-test";
		};
		9FBB18C01BF8136B0010F0AE /* QuikBuxUITests */ = {
			isa = PBXNativeTarget;
			buildConfigurationList = 9FBB18D01BF8136B0010F0AE /* Build configuration list for PBXNativeTarget "QuikBuxUITests" */;
			buildPhases = (
				9FBB18BD1BF8136B0010F0AE /* Sources */,
				9FBB18BE1BF8136B0010F0AE /* Frameworks */,
				9FBB18BF1BF8136B0010F0AE /* Resources */,
			);
			buildRules = (
			);
			dependencies = (
				9FBB18C31BF8136B0010F0AE /* PBXTargetDependency */,
			);
			name = QuikBuxUITests;
			productName = QuikBuxUITests;
			productReference = 9FBB18C11BF8136B0010F0AE /* QuikBuxUITests.xctest */;
			productType = "com.apple.product-type.bundle.ui-testing";
		};
/* End PBXNativeTarget section */

/* Begin PBXProject section */
		9FBB189A1BF8136A0010F0AE /* Project object */ = {
			isa = PBXProject;
			attributes = {
				LastSwiftUpdateCheck = 0710;
				LastUpgradeCheck = 0710;
				ORGANIZATIONNAME = "Kiran Kunigiri";
				TargetAttributes = {
					9FBB18A11BF8136A0010F0AE = {
						CreatedOnToolsVersion = 7.1.1;
					};
					9FBB18B51BF8136B0010F0AE = {
						CreatedOnToolsVersion = 7.1.1;
						TestTargetID = 9FBB18A11BF8136A0010F0AE;
					};
					9FBB18C01BF8136B0010F0AE = {
						CreatedOnToolsVersion = 7.1.1;
						TestTargetID = 9FBB18A11BF8136A0010F0AE;
					};
				};
			};
			buildConfigurationList = 9FBB189D1BF8136A0010F0AE /* Build configuration list for PBXProject "QuikBux" */;
			compatibilityVersion = "Xcode 3.2";
			developmentRegion = English;
			hasScannedForEncodings = 0;
			knownRegions = (
				en,
				Base,
			);
			mainGroup = 9FBB18991BF8136A0010F0AE;
			productRefGroup = 9FBB18A31BF8136A0010F0AE /* Products */;
			projectDirPath = "";
			projectRoot = "";
			targets = (
				9FBB18A11BF8136A0010F0AE /* QuikBux */,
				9FBB18B51BF8136B0010F0AE /* QuikBuxTests */,
				9FBB18C01BF8136B0010F0AE /* QuikBuxUITests */,
			);
		};
/* End PBXProject section */

/* Begin PBXResourcesBuildPhase section */
		9FBB18A01BF8136A0010F0AE /* Resources */ = {
			isa = PBXResourcesBuildPhase;
			buildActionMask = 2147483647;
			files = (
				9FBB18B01BF8136A0010F0AE /* LaunchScreen.storyboard in Resources */,
				9FBB18AD1BF8136A0010F0AE /* Assets.xcassets in Resources */,
				9FBB18AB1BF8136A0010F0AE /* Main.storyboard in Resources */,
			);
			runOnlyForDeploymentPostprocessing = 0;
		};
		9FBB18B41BF8136B0010F0AE /* Resources */ = {
			isa = PBXResourcesBuildPhase;
			buildActionMask = 2147483647;
			files = (
			);
			runOnlyForDeploymentPostprocessing = 0;
		};
		9FBB18BF1BF8136B0010F0AE /* Resources */ = {
			isa = PBXResourcesBuildPhase;
			buildActionMask = 2147483647;
			files = (
			);
			runOnlyForDeploymentPostprocessing = 0;
		};
/* End PBXResourcesBuildPhase section */

/* Begin PBXSourcesBuildPhase section */
		9FBB189E1BF8136A0010F0AE /* Sources */ = {
			isa = PBXSourcesBuildPhase;
			buildActionMask = 2147483647;
			files = (
				9FBB18D41BF859AC0010F0AE /* SignupViewController.swift in Sources */,
				9FBB18A81BF8136A0010F0AE /* HomeViewController.swift in Sources */,
				9FBB18A61BF8136A0010F0AE /* AppDelegate.swift in Sources */,
			);
			runOnlyForDeploymentPostprocessing = 0;
		};
		9FBB18B21BF8136B0010F0AE /* Sources */ = {
			isa = PBXSourcesBuildPhase;
			buildActionMask = 2147483647;
			files = (
				9FBB18BB1BF8136B0010F0AE /* QuikBuxTests.swift in Sources */,
			);
			runOnlyForDeploymentPostprocessing = 0;
		};
		9FBB18BD1BF8136B0010F0AE /* Sources */ = {
			isa = PBXSourcesBuildPhase;
			buildActionMask = 2147483647;
			files = (
				9FBB18C61BF8136B0010F0AE /* QuikBuxUITests.swift in Sources */,
			);
			runOnlyForDeploymentPostprocessing = 0;
		};
/* End PBXSourcesBuildPhase section */

/* Begin PBXTargetDependency section */
		9FBB18B81BF8136B0010F0AE /* PBXTargetDependency */ = {
			isa = PBXTargetDependency;
			target = 9FBB18A11BF8136A0010F0AE /* QuikBux */;
			targetProxy = 9FBB18B71BF8136B0010F0AE /* PBXContainerItemProxy */;
		};
		9FBB18C31BF8136B0010F0AE /* PBXTargetDependency */ = {
			isa = PBXTargetDependency;
			target = 9FBB18A11BF8136A0010F0AE /* QuikBux */;
			targetProxy = 9FBB18C21BF8136B0010F0AE /* PBXContainerItemProxy */;
		};
/* End PBXTargetDependency section */

/* Begin PBXVariantGroup section */
		9FBB18A91BF8136A0010F0AE /* Main.storyboard */ = {
			isa = PBXVariantGroup;
			children = (
				9FBB18AA1BF8136A0010F0AE /* Base */,
			);
			name = Main.storyboard;
			sourceTree = "<group>";
		};
		9FBB18AE1BF8136A0010F0AE /* LaunchScreen.storyboard */ = {
			isa = PBXVariantGroup;
			children = (
				9FBB18AF1BF8136A0010F0AE /* Base */,
			);
			name = LaunchScreen.storyboard;
			sourceTree = "<group>";
		};
/* End PBXVariantGroup section */

/* Begin XCBuildConfiguration section */
		9FBB18C81BF8136B0010F0AE /* Debug */ = {
			isa = XCBuildConfiguration;
			buildSettings = {
				ALWAYS_SEARCH_USER_PATHS = NO;
				CLANG_CXX_LANGUAGE_STANDARD = "gnu++0x";
				CLANG_CXX_LIBRARY = "libc++";
				CLANG_ENABLE_MODULES = YES;
				CLANG_ENABLE_OBJC_ARC = YES;
				CLANG_WARN_BOOL_CONVERSION = YES;
				CLANG_WARN_CONSTANT_CONVERSION = YES;
				CLANG_WARN_DIRECT_OBJC_ISA_USAGE = YES_ERROR;
				CLANG_WARN_EMPTY_BODY = YES;
				CLANG_WARN_ENUM_CONVERSION = YES;
				CLANG_WARN_INT_CONVERSION = YES;
				CLANG_WARN_OBJC_ROOT_CLASS = YES_ERROR;
				CLANG_WARN_UNREACHABLE_CODE = YES;
				CLANG_WARN__DUPLICATE_METHOD_MATCH = YES;
				"CODE_SIGN_IDENTITY[sdk=iphoneos*]" = "iPhone Developer";
				COPY_PHASE_STRIP = NO;
				DEBUG_INFORMATION_FORMAT = dwarf;
				ENABLE_STRICT_OBJC_MSGSEND = YES;
				ENABLE_TESTABILITY = YES;
				GCC_C_LANGUAGE_STANDARD = gnu99;
				GCC_DYNAMIC_NO_PIC = NO;
				GCC_NO_COMMON_BLOCKS = YES;
				GCC_OPTIMIZATION_LEVEL = 0;
				GCC_PREPROCESSOR_DEFINITIONS = (
					"DEBUG=1",
					"$(inherited)",
				);
				GCC_WARN_64_TO_32_BIT_CONVERSION = YES;
				GCC_WARN_ABOUT_RETURN_TYPE = YES_ERROR;
				GCC_WARN_UNDECLARED_SELECTOR = YES;
				GCC_WARN_UNINITIALIZED_AUTOS = YES_AGGRESSIVE;
				GCC_WARN_UNUSED_FUNCTION = YES;
				GCC_WARN_UNUSED_VARIABLE = YES;
				IPHONEOS_DEPLOYMENT_TARGET = 9.1;
				MTL_ENABLE_DEBUG_INFO = YES;
				ONLY_ACTIVE_ARCH = YES;
				SDKROOT = iphoneos;
				SWIFT_OPTIMIZATION_LEVEL = "-Onone";
				TARGETED_DEVICE_FAMILY = "1,2";
			};
			name = Debug;
		};
		9FBB18C91BF8136B0010F0AE /* Release */ = {
			isa = XCBuildConfiguration;
			buildSettings = {
				ALWAYS_SEARCH_USER_PATHS = NO;
				CLANG_CXX_LANGUAGE_STANDARD = "gnu++0x";
				CLANG_CXX_LIBRARY = "libc++";
				CLANG_ENABLE_MODULES = YES;
				CLANG_ENABLE_OBJC_ARC = YES;
				CLANG_WARN_BOOL_CONVERSION = YES;
				CLANG_WARN_CONSTANT_CONVERSION = YES;
				CLANG_WARN_DIRECT_OBJC_ISA_USAGE = YES_ERROR;
				CLANG_WARN_EMPTY_BODY = YES;
				CLANG_WARN_ENUM_CONVERSION = YES;
				CLANG_WARN_INT_CONVERSION = YES;
				CLANG_WARN_OBJC_ROOT_CLASS = YES_ERROR;
				CLANG_WARN_UNREACHABLE_CODE = YES;
				CLANG_WARN__DUPLICATE_METHOD_MATCH = YES;
				"CODE_SIGN_IDENTITY[sdk=iphoneos*]" = "iPhone Developer";
				COPY_PHASE_STRIP = NO;
				DEBUG_INFORMATION_FORMAT = "dwarf-with-dsym";
				ENABLE_NS_ASSERTIONS = NO;
				ENABLE_STRICT_OBJC_MSGSEND = YES;
				GCC_C_LANGUAGE_STANDARD = gnu99;
				GCC_NO_COMMON_BLOCKS = YES;
				GCC_WARN_64_TO_32_BIT_CONVERSION = YES;
				GCC_WARN_ABOUT_RETURN_TYPE = YES_ERROR;
				GCC_WARN_UNDECLARED_SELECTOR = YES;
				GCC_WARN_UNINITIALIZED_AUTOS = YES_AGGRESSIVE;
				GCC_WARN_UNUSED_FUNCTION = YES;
				GCC_WARN_UNUSED_VARIABLE = YES;
				IPHONEOS_DEPLOYMENT_TARGET = 9.1;
				MTL_ENABLE_DEBUG_INFO = NO;
				SDKROOT = iphoneos;
				TARGETED_DEVICE_FAMILY = "1,2";
				VALIDATE_PRODUCT = YES;
			};
			name = Release;
		};
		9FBB18CB1BF8136B0010F0AE /* Debug */ = {
			isa = XCBuildConfiguration;
			buildSettings = {
				ASSETCATALOG_COMPILER_APPICON_NAME = AppIcon;
				INFOPLIST_FILE = QuikBux/Info.plist;
				LD_RUNPATH_SEARCH_PATHS = "$(inherited) @executable_path/Frameworks";
				PRODUCT_BUNDLE_IDENTIFIER = self.edu.QuikBux;
				PRODUCT_NAME = "$(TARGET_NAME)";
			};
			name = Debug;
		};
		9FBB18CC1BF8136B0010F0AE /* Release */ = {
			isa = XCBuildConfiguration;
			buildSettings = {
				ASSETCATALOG_COMPILER_APPICON_NAME = AppIcon;
				INFOPLIST_FILE = QuikBux/Info.plist;
				LD_RUNPATH_SEARCH_PATHS = "$(inherited) @executable_path/Frameworks";
				PRODUCT_BUNDLE_IDENTIFIER = self.edu.QuikBux;
				PRODUCT_NAME = "$(TARGET_NAME)";
			};
			name = Release;
		};
		9FBB18CE1BF8136B0010F0AE /* Debug */ = {
			isa = XCBuildConfiguration;
			buildSettings = {
				BUNDLE_LOADER = "$(TEST_HOST)";
				INFOPLIST_FILE = QuikBuxTests/Info.plist;
				LD_RUNPATH_SEARCH_PATHS = "$(inherited) @executable_path/Frameworks @loader_path/Frameworks";
				PRODUCT_BUNDLE_IDENTIFIER = self.edu.QuikBuxTests;
				PRODUCT_NAME = "$(TARGET_NAME)";
				TEST_HOST = "$(BUILT_PRODUCTS_DIR)/QuikBux.app/QuikBux";
			};
			name = Debug;
		};
		9FBB18CF1BF8136B0010F0AE /* Release */ = {
			isa = XCBuildConfiguration;
			buildSettings = {
				BUNDLE_LOADER = "$(TEST_HOST)";
				INFOPLIST_FILE = QuikBuxTests/Info.plist;
				LD_RUNPATH_SEARCH_PATHS = "$(inherited) @executable_path/Frameworks @loader_path/Frameworks";
				PRODUCT_BUNDLE_IDENTIFIER = self.edu.QuikBuxTests;
				PRODUCT_NAME = "$(TARGET_NAME)";
				TEST_HOST = "$(BUILT_PRODUCTS_DIR)/QuikBux.app/QuikBux";
			};
			name = Release;
		};
		9FBB18D11BF8136B0010F0AE /* Debug */ = {
			isa = XCBuildConfiguration;
			buildSettings = {
				INFOPLIST_FILE = QuikBuxUITests/Info.plist;
				LD_RUNPATH_SEARCH_PATHS = "$(inherited) @executable_path/Frameworks @loader_path/Frameworks";
				PRODUCT_BUNDLE_IDENTIFIER = self.edu.QuikBuxUITests;
				PRODUCT_NAME = "$(TARGET_NAME)";
				TEST_TARGET_NAME = QuikBux;
				USES_XCTRUNNER = YES;
			};
			name = Debug;
		};
		9FBB18D21BF8136B0010F0AE /* Release */ = {
			isa = XCBuildConfiguration;
			buildSettings = {
				INFOPLIST_FILE = QuikBuxUITests/Info.plist;
				LD_RUNPATH_SEARCH_PATHS = "$(inherited) @executable_path/Frameworks @loader_path/Frameworks";
				PRODUCT_BUNDLE_IDENTIFIER = self.edu.QuikBuxUITests;
				PRODUCT_NAME = "$(TARGET_NAME)";
				TEST_TARGET_NAME = QuikBux;
				USES_XCTRUNNER = YES;
			};
			name = Release;
		};
/* End XCBuildConfiguration section */

/* Begin XCConfigurationList section */
		9FBB189D1BF8136A0010F0AE /* Build configuration list for PBXProject "QuikBux" */ = {
			isa = XCConfigurationList;
			buildConfigurations = (
				9FBB18C81BF8136B0010F0AE /* Debug */,
				9FBB18C91BF8136B0010F0AE /* Release */,
			);
			defaultConfigurationIsVisible = 0;
			defaultConfigurationName = Release;
		};
		9FBB18CA1BF8136B0010F0AE /* Build configuration list for PBXNativeTarget "QuikBux" */ = {
			isa = XCConfigurationList;
			buildConfigurations = (
				9FBB18CB1BF8136B0010F0AE /* Debug */,
				9FBB18CC1BF8136B0010F0AE /* Release */,
			);
			defaultConfigurationIsVisible = 0;
		};
		9FBB18CD1BF8136B0010F0AE /* Build configuration list for PBXNativeTarget "QuikBuxTests" */ = {
			isa = XCConfigurationList;
			buildConfigurations = (
				9FBB18CE1BF8136B0010F0AE /* Debug */,
				9FBB18CF1BF8136B0010F0AE /* Release */,
			);
			defaultConfigurationIsVisible = 0;
		};
		9FBB18D01BF8136B0010F0AE /* Build configuration list for PBXNativeTarget "QuikBuxUITests" */ = {
			isa = XCConfigurationList;
			buildConfigurations = (
				9FBB18D11BF8136B0010F0AE /* Debug */,
				9FBB18D21BF8136B0010F0AE /* Release */,
			);
			defaultConfigurationIsVisible = 0;
		};
/* End XCConfigurationList section */
	};
	rootObject = 9FBB189A1BF8136A0010F0AE /* Project object */;
}
